
Microsoft Visual Studio Solution File, Format Version 12.00
# Visual Studio Version 17
VisualStudioVersion = 17.0.32112.339
MinimumVisualStudioVersion = 10.0.40219.1
Project("{9A19103F-16F7-4668-BE54-9A1E7A4F7556}") = "GtKasse.Ui", "src\GtKasse.Ui\GtKasse.Ui.csproj", "{ECFA34DD-C356-4820-96A3-7DFC1EA3A004}"
EndProject
Project("{9A19103F-16F7-4668-BE54-9A1E7A4F7556}") = "GtKasse.Core", "src\GtKasse.Core\GtKasse.Core.csproj", "{E102C6A5-AAA1-47C3-9ED1-33DA130A27A1}"
EndProject
Project("{9A19103F-16F7-4668-BE54-9A1E7A4F7556}") = "GtKasse.Cli", "src\GtKasse.Cli\GtKasse.Cli.csproj", "{5C091600-1EAD-46FA-9271-038F9495577C}"
EndProject
Project("{2150E333-8FDC-42A3-9474-1A3956D46DE8}") = "Solution Items", "Solution Items", "{E12A2D5B-DFA1-4EC7-B77C-22D717C03141}"
	ProjectSection(SolutionItems) = preProject
		Directory.Build.props = Directory.Build.props
		Directory.Packages.props = Directory.Packages.props
	EndProjectSection
EndProject
Global
	GlobalSection(SolutionConfigurationPlatforms) = preSolution
		Debug|Any CPU = Debug|Any CPU
		Release|Any CPU = Release|Any CPU
	EndGlobalSection
	GlobalSection(ProjectConfigurationPlatforms) = postSolution
		{ECFA34DD-C356-4820-96A3-7DFC1EA3A004}.Debug|Any CPU.ActiveCfg = Debug|Any CPU
		{ECFA34DD-C356-4820-96A3-7DFC1EA3A004}.Debug|Any CPU.Build.0 = Debug|Any CPU
		{ECFA34DD-C356-4820-96A3-7DFC1EA3A004}.Release|Any CPU.ActiveCfg = Release|Any CPU
		{ECFA34DD-C356-4820-96A3-7DFC1EA3A004}.Release|Any CPU.Build.0 = Release|Any CPU
		{E102C6A5-AAA1-47C3-9ED1-33DA130A27A1}.Debug|Any CPU.ActiveCfg = Debug|Any CPU
		{E102C6A5-AAA1-47C3-9ED1-33DA130A27A1}.Debug|Any CPU.Build.0 = Debug|Any CPU
		{E102C6A5-AAA1-47C3-9ED1-33DA130A27A1}.Release|Any CPU.ActiveCfg = Release|Any CPU
		{E102C6A5-AAA1-47C3-9ED1-33DA130A27A1}.Release|Any CPU.Build.0 = Release|Any CPU
		{5C091600-1EAD-46FA-9271-038F9495577C}.Debug|Any CPU.ActiveCfg = Debug|Any CPU
		{5C091600-1EAD-46FA-9271-038F9495577C}.Debug|Any CPU.Build.0 = Debug|Any CPU
		{5C091600-1EAD-46FA-9271-038F9495577C}.Release|Any CPU.ActiveCfg = Release|Any CPU
		{5C091600-1EAD-46FA-9271-038F9495577C}.Release|Any CPU.Build.0 = Release|Any CPU
	EndGlobalSection
	GlobalSection(SolutionProperties) = preSolution
		HideSolutionNode = FALSE
	EndGlobalSection
	GlobalSection(ExtensibilityGlobals) = postSolution
		SolutionGuid = {A359A94A-FA59-4445-8A74-36D60EECD091}
	EndGlobalSection
EndGlobal
